# This file is automatically @generated by Cargo.
# It is not intended for manual editing.
version = 4

[[package]]
name = "hujte"
version = "0.1.0"
dependencies = [
 "mathlab",
]

[[package]]
name = "mathlab"
version = "1.5.0"
source = "registry+https://github.com/rust-lang/crates.io-index"
checksum = "329b91e5e36bfec3ee7c8a5ddd78066264caaf99a97f02a7ebe927fd64085a2f"
